
Microsoft Visual Studio Solution File, Format Version 12.00
# Visual Studio Version 16
VisualStudioVersion = 16.0.29009.5
MinimumVisualStudioVersion = 10.0.40219.1
Project("{9A19103F-16F7-4668-BE54-9A1E7A4F7556}") = "My_App_01_Following_Tutorial", "My_App_01_Following_Tutorial.csproj", "{3CC5352D-1F31-4731-B67A-2C9B05BD0FEC}"
EndProject
Project("{9A19103F-16F7-4668-BE54-9A1E7A4F7556}") = "My_App_02_Database", "..\My_App_02_Database\My_App_02_Database.csproj", "{1596270F-75CB-444A-B4BE-E98A0862C346}"
EndProject
Project("{FAE04EC0-301F-11D3-BF4B-00C04F79EFBC}") = "My_App_03b", "..\My_App_03b\My_App_03b.csproj", "{E8D6818C-C6C3-45C5-A053-ACAA4505D64D}"
EndProject
Global
	GlobalSection(SolutionConfigurationPlatforms) = preSolution
		Debug|Any CPU = Debug|Any CPU
		Release|Any CPU = Release|Any CPU
	EndGlobalSection
	GlobalSection(ProjectConfigurationPlatforms) = postSolution
		{3CC5352D-1F31-4731-B67A-2C9B05BD0FEC}.Debug|Any CPU.ActiveCfg = Debug|Any CPU
		{3CC5352D-1F31-4731-B67A-2C9B05BD0FEC}.Debug|Any CPU.Build.0 = Debug|Any CPU
		{3CC5352D-1F31-4731-B67A-2C9B05BD0FEC}.Release|Any CPU.ActiveCfg = Release|Any CPU
		{3CC5352D-1F31-4731-B67A-2C9B05BD0FEC}.Release|Any CPU.Build.0 = Release|Any CPU
		{1596270F-75CB-444A-B4BE-E98A0862C346}.Debug|Any CPU.ActiveCfg = Debug|Any CPU
		{1596270F-75CB-444A-B4BE-E98A0862C346}.Debug|Any CPU.Build.0 = Debug|Any CPU
		{1596270F-75CB-444A-B4BE-E98A0862C346}.Release|Any CPU.ActiveCfg = Release|Any CPU
		{1596270F-75CB-444A-B4BE-E98A0862C346}.Release|Any CPU.Build.0 = Release|Any CPU
		{E8D6818C-C6C3-45C5-A053-ACAA4505D64D}.Debug|Any CPU.ActiveCfg = Debug|Any CPU
		{E8D6818C-C6C3-45C5-A053-ACAA4505D64D}.Debug|Any CPU.Build.0 = Debug|Any CPU
		{E8D6818C-C6C3-45C5-A053-ACAA4505D64D}.Release|Any CPU.ActiveCfg = Release|Any CPU
		{E8D6818C-C6C3-45C5-A053-ACAA4505D64D}.Release|Any CPU.Build.0 = Release|Any CPU
	EndGlobalSection
	GlobalSection(SolutionProperties) = preSolution
		HideSolutionNode = FALSE
	EndGlobalSection
	GlobalSection(ExtensibilityGlobals) = postSolution
		SolutionGuid = {C685FE11-3333-4564-99B1-7279806DDD34}
	EndGlobalSection
EndGlobal
