
Microsoft Visual Studio Solution File, Format Version 12.00
# Visual Studio Version 16
VisualStudioVersion = 16.0.29009.5
MinimumVisualStudioVersion = 10.0.40219.1
Project("{9A19103F-16F7-4668-BE54-9A1E7A4F7556}") = "labs_01", "labs_01\labs_01.csproj", "{C81DACA2-82F8-4B83-A812-50EA56B098BD}"
EndProject
Project("{FAE04EC0-301F-11D3-BF4B-00C04F79EFBC}") = "labs_02", "labs_02\labs_02.csproj", "{29E8A5D9-2521-41EA-8EFD-F626FB1E8F4F}"
EndProject
Project("{FAE04EC0-301F-11D3-BF4B-00C04F79EFBC}") = "labs_03_old_forms_app", "lab_03_old_forms_app\labs_03_old_forms_app.csproj", "{FDCBBB53-664A-49C8-B6BC-772C21E274E8}"
EndProject
Project("{FAE04EC0-301F-11D3-BF4B-00C04F79EFBC}") = "labs_04_WPF_starter", "lab_04_WPF_starter\labs_04_WPF_starter.csproj", "{F7246C93-64FF-471E-AE64-7DCFA7FE93EF}"
EndProject
Project("{9A19103F-16F7-4668-BE54-9A1E7A4F7556}") = "labs_05_asp_core_demo", "labs_05_asp_core_demo\labs_05_asp_core_demo.csproj", "{9830CB28-CB2B-4F51-A137-FC24C4A475D1}"
EndProject
Project("{9A19103F-16F7-4668-BE54-9A1E7A4F7556}") = "labs_05b_asp_core_demo", "labs_05b_asp_core_demo\labs_05b_asp_core_demo.csproj", "{3BD2FA6B-E106-4547-9025-BD7D7BD01D45}"
EndProject
Project("{FAE04EC0-301F-11D3-BF4B-00C04F79EFBC}") = "labs_06_asp_forms_site_older", "labs_06_asp_frame_site_older\labs_06_asp_forms_site_older.csproj", "{18E124C8-47DB-48EC-AC90-619B2AEACB91}"
EndProject
Project("{FAE04EC0-301F-11D3-BF4B-00C04F79EFBC}") = "labs_07_entity_demo", "labs_07_entity_demo\labs_07_entity_demo.csproj", "{934C935A-F156-4CF7-91DB-B03DF5569FBC}"
EndProject
Project("{FAE04EC0-301F-11D3-BF4B-00C04F79EFBC}") = "labs_08_wpf_database_demo", "labs_08_wpf_database_demo\labs_08_wpf_database_demo.csproj", "{5B30C2B8-4E85-408F-86A7-8B7B493BDBBA}"
EndProject
Project("{FAE04EC0-301F-11D3-BF4B-00C04F79EFBC}") = "labs_09_api_demo", "labs_09_api_website\labs_09_api_demo.csproj", "{FE55CB14-037F-4841-A03D-6632C0ECEFB5}"
EndProject
Project("{FAE04EC0-301F-11D3-BF4B-00C04F79EFBC}") = "labs_10_mvc_database_demo", "labs_10_mvc_database_demo\labs_10_mvc_database_demo.csproj", "{5EC7DAE4-E954-4BD0-83FE-AA390D0812E3}"
EndProject
Project("{9A19103F-16F7-4668-BE54-9A1E7A4F7556}") = "labs_11_objects", "labs_11_objects\labs_11_objects.csproj", "{142FAF2F-9A95-4B1F-BD37-E0C76B5540FD}"
EndProject
Project("{9A19103F-16F7-4668-BE54-9A1E7A4F7556}") = "labs_12_classes", "labs_12_classes\labs_12_classes.csproj", "{015BFC97-E3F9-4F63-8316-32D035E5440F}"
EndProject
Project("{9A19103F-16F7-4668-BE54-9A1E7A4F7556}") = "labs_13_methods", "labs_13_methods\labs_13_methods.csproj", "{A45DB4A3-1304-4CEC-A092-8575FAA024B6}"
EndProject
Project("{9A19103F-16F7-4668-BE54-9A1E7A4F7556}") = "labs_14_properties", "labs_14_properties\labs_14_properties.csproj", "{13D57EA6-8F43-4BF4-B310-C4E032F4ECD5}"
EndProject
Project("{9A19103F-16F7-4668-BE54-9A1E7A4F7556}") = "labs_15_constructor", "labs_15_constructor\labs_15_constructor.csproj", "{CF12D820-3492-4F87-9838-40EDA0A99C07}"
EndProject
Project("{9A19103F-16F7-4668-BE54-9A1E7A4F7556}") = "labs_16_rabbit", "labs_16_rabbit\labs_16_rabbit.csproj", "{72D38479-F040-4966-98D4-9E5F83CE5191}"
EndProject
Project("{FAE04EC0-301F-11D3-BF4B-00C04F79EFBC}") = "labs_17_rabbit_manual_click", "labs_17_rabbit_manual_click\labs_17_rabbit_manual_click.csproj", "{D61EC13B-0485-4D83-9EC7-68C54E51EC1A}"
EndProject
Project("{9A19103F-16F7-4668-BE54-9A1E7A4F7556}") = "labs_18_method_overloading", "labs_18_method_overloading\labs_18_method_overloading.csproj", "{9DE4BD9F-E0E7-4901-9B8C-B24D14D7F608}"
EndProject
Project("{9A19103F-16F7-4668-BE54-9A1E7A4F7556}") = "labs_19_polymorphism", "labs_19_polymorphism\labs_19_polymorphism.csproj", "{9E2C0F1F-AB8C-4034-B828-D0B7CE3291A9}"
EndProject
Project("{9A19103F-16F7-4668-BE54-9A1E7A4F7556}") = "labs_20_library", "lab_20_library\labs_20_library.csproj", "{EE8B36EC-882A-414A-987F-A5FFE7331BFF}"
EndProject
Project("{9A19103F-16F7-4668-BE54-9A1E7A4F7556}") = "labs_20_use_data_from_library", "lab_20_use_data_from_library\labs_20_use_data_from_library.csproj", "{A402DA58-20A4-410C-AC85-FA529DB2DCC1}"
EndProject
Project("{9A19103F-16F7-4668-BE54-9A1E7A4F7556}") = "labs_21_abstract_class", "labs_21_abstract_class\labs_21_abstract_class.csproj", "{093800AD-8876-428C-A42E-E2F6BA977FEA}"
EndProject
Project("{9A19103F-16F7-4668-BE54-9A1E7A4F7556}") = "Tests_NUnit", "Tests_NUnit\Tests_NUnit.csproj", "{63E23543-5D22-4963-9D8C-3EAACAF25619}"
EndProject
Project("{9A19103F-16F7-4668-BE54-9A1E7A4F7556}") = "labs_22_first_test", "labs_22_first_test\labs_22_first_test.csproj", "{9755DCC0-314E-4E37-87E9-ED12A7D49A65}"
EndProject
Project("{9A19103F-16F7-4668-BE54-9A1E7A4F7556}") = "Tests_XUnit", "Tests_XUnit\Tests_XUnit.csproj", "{78E91A82-6563-4801-BC13-DC458D1C5ED6}"
EndProject
Project("{9A19103F-16F7-4668-BE54-9A1E7A4F7556}") = "Tests_MSTEST", "Tests_MSTEST\Tests_MSTEST.csproj", "{2C3AFBC1-C401-4593-9370-20F1104F9F93}"
EndProject
Project("{9A19103F-16F7-4668-BE54-9A1E7A4F7556}") = "labs_23_methods", "labs_23_methods\labs_23_methods.csproj", "{E037784D-85CC-4E6F-B775-E5AEE650EB70}"
EndProject
Project("{FAE04EC0-301F-11D3-BF4B-00C04F79EFBC}") = "labs_24_gaming_interface", "labs_24_gaming_interface\labs_24_gaming_interface.csproj", "{7FA97BDE-7409-4AE0-AB15-ABB92E6E6A10}"
EndProject
Project("{9A19103F-16F7-4668-BE54-9A1E7A4F7556}") = "labs_25_strings", "labs_25_strings\labs_25_strings.csproj", "{7F0D8542-EC8C-40CE-A623-60D15ECEC2C3}"
EndProject
Project("{9A19103F-16F7-4668-BE54-9A1E7A4F7556}") = "labs_26_integer_handling", "labs_26_integer_handling\labs_26_integer_handling.csproj", "{92CB7AA4-4D08-40E7-92F4-4DEE07FA14FF}"
EndProject
Project("{9A19103F-16F7-4668-BE54-9A1E7A4F7556}") = "Tests", "Tests\Tests.csproj", "{9C52467C-6E49-4A3E-B46D-219ABB8E6200}"
EndProject
Project("{9A19103F-16F7-4668-BE54-9A1E7A4F7556}") = "labs_27_date_time_stopwatch", "labs_27_date_time_stopwatch\labs_27_date_time_stopwatch.csproj", "{74E887AA-0DE3-4320-BD2C-D234A22B1CDC}"
EndProject
Project("{9A19103F-16F7-4668-BE54-9A1E7A4F7556}") = "labs_28_enum", "labs_28_enum\labs_28_enum.csproj", "{D47DE76B-DC65-42C0-AB46-E4D0424C852C}"
EndProject
Project("{9A19103F-16F7-4668-BE54-9A1E7A4F7556}") = "labs_29_variables", "labs_29_variables\labs_29_variables.csproj", "{AB610302-BEA4-4F54-86D7-616A32F6DC31}"
EndProject
Project("{9A19103F-16F7-4668-BE54-9A1E7A4F7556}") = "labs_30_pyramid", "labs_30_pyramid\labs_30_pyramid.csproj", "{6A23E3BB-5403-4170-AA69-DB3BF2426EB5}"
EndProject
Project("{9A19103F-16F7-4668-BE54-9A1E7A4F7556}") = "labs_31_loops", "labs_31_loops\labs_31_loops.csproj", "{85181202-2EF7-427B-80D6-8AFA791B5C6D}"
EndProject
Project("{9A19103F-16F7-4668-BE54-9A1E7A4F7556}") = "labs_32_3_cats_in_order_of_age", "labs_32_3_cats_in_order_of_age\labs_32_3_cats_in_order_of_age.csproj", "{D2A94787-6D02-4B48-8A58-03B771313C14}"
EndProject
Project("{9A19103F-16F7-4668-BE54-9A1E7A4F7556}") = "labs_33_struct", "labs_33_struct\labs_33_struct.csproj", "{63CFE71C-B3C7-4D73-90CD-77D64A89AD20}"
EndProject
Project("{9A19103F-16F7-4668-BE54-9A1E7A4F7556}") = "labs_34_lists", "labs_34_lists\labs_34_lists.csproj", "{7D6C24FE-4D15-4CE9-AD0D-A60CA92FAC2B}"
EndProject
Project("{9A19103F-16F7-4668-BE54-9A1E7A4F7556}") = "labs_35_exceptions", "labs_35_exceptions\labs_35_exceptions.csproj", "{1CBE12DE-098B-4618-A5D2-0D9132955FF1}"
EndProject
Project("{FAE04EC0-301F-11D3-BF4B-00C04F79EFBC}") = "labs_35b_exceptions", "labs_35b_exceptions\labs_35b_exceptions.csproj", "{679F4C6D-08D3-4083-91BC-8D5C0E4C0194}"
EndProject
Project("{9A19103F-16F7-4668-BE54-9A1E7A4F7556}") = "labs_36_throw", "labs_36_throw\labs_36_throw.csproj", "{D61751C1-222D-4EC4-ABF6-0ADF6C4F52D4}"
EndProject
Project("{FAE04EC0-301F-11D3-BF4B-00C04F79EFBC}") = "labs_37_wpf_grid_click", "labs_37_wpf_grid_click\labs_37_wpf_grid_click.csproj", "{32B73FE9-7BBB-4F5C-A32F-2CDF65717571}"
EndProject
Project("{FAE04EC0-301F-11D3-BF4B-00C04F79EFBC}") = "labs_38_WPF_stackPanel", "labs_38_WPF_stackPanel\labs_38_WPF_stackPanel.csproj", "{BA781053-F3BC-4BFE-8398-C50D0AAA1234}"
EndProject
Project("{FAE04EC0-301F-11D3-BF4B-00C04F79EFBC}") = "labs_39_button_grid", "labs_39_button_grid\labs_39_button_grid.csproj", "{B8B25522-EE5A-4130-A7A7-8FD872C0150C}"
EndProject
Project("{9A19103F-16F7-4668-BE54-9A1E7A4F7556}") = "labs_40_loops", "lab_40_loops\labs_40_loops.csproj", "{9C7280FD-39F3-4721-805F-2BC3E3DD29AD}"
EndProject
Project("{9A19103F-16F7-4668-BE54-9A1E7A4F7556}") = "labs_41_casting", "labs_41_casting\labs_41_casting.csproj", "{73D04464-1074-483D-A2E3-636B772B7B10}"
EndProject
Project("{9A19103F-16F7-4668-BE54-9A1E7A4F7556}") = "labs_42_operators", "labs_42_operators\labs_42_operators.csproj", "{F955B264-6B1A-4725-B90D-AB8498D0CDBE}"
EndProject
Project("{FAE04EC0-301F-11D3-BF4B-00C04F79EFBC}") = "labs_43_database_app", "labs_43_database_app\labs_43_database_app.csproj", "{DD85E596-BF12-497B-A83C-63BF435A9222}"
EndProject
Project("{9A19103F-16F7-4668-BE54-9A1E7A4F7556}") = "labs_44_exception_recursive", "labs_44_exception_recursive\labs_44_exception_recursive.csproj", "{9CAA804C-F752-432C-9102-DC5EC31A47BF}"
EndProject
Project("{9A19103F-16F7-4668-BE54-9A1E7A4F7556}") = "labs_45_snaplabs_structs", "labs_45_snaplabs_structs\labs_45_snaplabs_structs.csproj", "{C905D2AD-F232-4E9D-831A-0873F42687C0}"
EndProject
Project("{FAE04EC0-301F-11D3-BF4B-00C04F79EFBC}") = "labs_46_panels", "labs_46_panels\labs_46_panels.csproj", "{DAB75AB4-DC81-494D-9A6A-FCE1D190119C}"
EndProject
Project("{FAE04EC0-301F-11D3-BF4B-00C04F79EFBC}") = "labs_47_snaplabs_businessapplication", "labs_47_snaplabs_businessapplication\labs_47_snaplabs_businessapplication.csproj", "{4C7FE9E6-D030-4E0F-9C71-BA80E70BA8CA}"
EndProject
Project("{9A19103F-16F7-4668-BE54-9A1E7A4F7556}") = "labs_48_snaplab_loops", "labs_48_snaplab_loops\labs_48_snaplab_loops.csproj", "{3FE5E9FA-729C-4CB3-B4CC-7B61F4BA684D}"
EndProject
Project("{FAE04EC0-301F-11D3-BF4B-00C04F79EFBC}") = "labs_49_business_search", "labs_49_business_search\labs_49_business_search.csproj", "{855FDA19-75A3-4FD5-B071-2514222792B3}"
EndProject
Project("{9A19103F-16F7-4668-BE54-9A1E7A4F7556}") = "labs_50_reference_values_type", "labs_50_reference_values_type\labs_50_reference_values_type.csproj", "{BE201BE5-ED70-450C-B583-03BF33E9D3B1}"
EndProject
Project("{9A19103F-16F7-4668-BE54-9A1E7A4F7556}") = "labs_51_async", "labs_51_async\labs_51_async.csproj", "{D5ED11A2-3C74-4931-AFCD-706A6F9E8897}"
EndProject
Project("{FAE04EC0-301F-11D3-BF4B-00C04F79EFBC}") = "labs_52_entity_CRUD_app", "labs_52_entity_CRUD_app\labs_52_entity_CRUD_app.csproj", "{BDE276A6-7512-4560-93FF-192C92CB8B24}"
EndProject
Project("{FAE04EC0-301F-11D3-BF4B-00C04F79EFBC}") = "labs_53_WPF_CRUD_app", "labs_53_WPF_CRUD_app\labs_53_WPF_CRUD_app.csproj", "{2299EABD-5FFD-4902-BE08-FA9120F95086}"
EndProject
Project("{FAE04EC0-301F-11D3-BF4B-00C04F79EFBC}") = "labs_54_LINQ_simple", "labs_54_LINQ_simple\labs_54_LINQ_simple.csproj", "{103BAEF6-ED84-40FC-AFD1-C1F65107B40D}"
EndProject
Project("{FAE04EC0-301F-11D3-BF4B-00C04F79EFBC}") = "labs_55_LINQ", "labs_55_LINQ\labs_55_LINQ.csproj", "{5850BC93-3C7B-4A5F-87DF-3E34B3E024CA}"
EndProject
Project("{9A19103F-16F7-4668-BE54-9A1E7A4F7556}") = "NHS Interview Coding", "NHS Interview Coding\NHS Interview Coding.csproj", "{A4752343-BA84-499F-A83F-8727D73B0A38}"
EndProject
Project("{FAE04EC0-301F-11D3-BF4B-00C04F79EFBC}") = "MahAppMetroWPF", "MahAppMetroWPF\MahAppMetroWPF.csproj", "{D1EDD548-DAA5-4A24-9A90-0F2D9504F74F}"
EndProject
Project("{9A19103F-16F7-4668-BE54-9A1E7A4F7556}") = "labs_56_Snaplabs_Rabbit_Explosion", "labs_56_Snaplabs_Rabbit_Explosion\labs_56_Snaplabs_Rabbit_Explosion.csproj", "{431A1C36-365B-4711-9C2A-97CDA70B7413}"
EndProject
Project("{FAE04EC0-301F-11D3-BF4B-00C04F79EFBC}") = "labs_57_CSV_Word_Excel", "labs_57_CSV_Word_Excel\labs_57_CSV_Word_Excel.csproj", "{E7A90E57-87A6-4004-A1B0-6AD61BD5E9B0}"
EndProject
Project("{FAE04EC0-301F-11D3-BF4B-00C04F79EFBC}") = "SQL_Exercise", "SQL_Exercise\SQL_Exercise.csproj", "{AE6DDEAB-8431-42B7-971A-8387401B786C}"
EndProject
Project("{9A19103F-16F7-4668-BE54-9A1E7A4F7556}") = "snaplab_loops2", "snaplab_loops2\snaplab_loops2.csproj", "{69C5C77F-293C-4F15-B876-CD51F21FC933}"
EndProject
Project("{9A19103F-16F7-4668-BE54-9A1E7A4F7556}") = "labs_58_razor", "labs_58_razor\labs_58_razor.csproj", "{729AA821-A06A-42FD-A8CE-989B329EFF5B}"
EndProject
Project("{FAE04EC0-301F-11D3-BF4B-00C04F79EFBC}") = "Games_Project", "Games_Project\Games_Project.csproj", "{EE1111EF-CF40-4C47-964A-6161D9C019BA}"
EndProject
Project("{FAE04EC0-301F-11D3-BF4B-00C04F79EFBC}") = "Games_Project_Noughts_And_Crosses", "Games_Project_Noughts_And_Crosses\Games_Project_Noughts_And_Crosses.csproj", "{56CC8B65-DDAA-4FA3-B1C1-E16D13A91B16}"
EndProject
Project("{9A19103F-16F7-4668-BE54-9A1E7A4F7556}") = "labs_59_abstract_revision", "labs_59_abstract_revision\labs_59_abstract_revision.csproj", "{867163B1-443B-4DD7-A169-C5A3D730E623}"
EndProject
Project("{9A19103F-16F7-4668-BE54-9A1E7A4F7556}") = "labs_60_interfaces", "labs_60_interfaces\labs_60_interfaces.csproj", "{E8F6D3E3-7A2C-459E-879B-466BD6945598}"
EndProject
Project("{9A19103F-16F7-4668-BE54-9A1E7A4F7556}") = "SnapLab_18_Interfaces", "SnapLab_18_Interfaces\SnapLab_18_Interfaces.csproj", "{B9A37799-01F5-4A33-93B2-B0BA4A767FEB}"
EndProject
Project("{FAE04EC0-301F-11D3-BF4B-00C04F79EFBC}") = "labs_61_debugging", "labs_61_debugging\labs_61_debugging.csproj", "{988D6CA3-9859-4371-A5FA-069499317F32}"
EndProject
Project("{9A19103F-16F7-4668-BE54-9A1E7A4F7556}") = "labs_62_events_trivial", "labs_62_events_trivial\labs_62_events_trivial.csproj", "{561A5CF1-D28B-4F05-AB3C-77FB272BADA1}"
EndProject
Project("{9A19103F-16F7-4668-BE54-9A1E7A4F7556}") = "labs_63_events_OOP", "labs_63_events_OOP\labs_63_events_OOP.csproj", "{F6C9BA9B-1F01-41F9-8BC8-0E2FB32BD9DB}"
EndProject
Project("{9A19103F-16F7-4668-BE54-9A1E7A4F7556}") = "labs_64_streaming", "labs_64_streaming\labs_64_streaming.csproj", "{55E1BC62-D356-41C9-8823-2A9BB4E33B82}"
EndProject
Project("{9A19103F-16F7-4668-BE54-9A1E7A4F7556}") = "labs_65_web_streaming", "labs_65_web_streaming\labs_65_web_streaming.csproj", "{7A6EA541-E516-4DF4-92A8-3DB0BEB46712}"
EndProject
Project("{9A19103F-16F7-4668-BE54-9A1E7A4F7556}") = "labs_66_serialise_xml", "labs_66_serialise_xml\labs_66_serialise_xml.csproj", "{EDBD69FB-6920-4DA2-96B7-86175F988BFB}"
EndProject
Project("{9A19103F-16F7-4668-BE54-9A1E7A4F7556}") = "labs_67_serialise_json", "labs_67_serialise_json\labs_67_serialise_json.csproj", "{33C5981E-0BD3-4F24-BBA0-10DD753FF27C}"
EndProject
Project("{9A19103F-16F7-4668-BE54-9A1E7A4F7556}") = "labs_68_serialise_binary", "labs_68_serialise_binary\labs_68_serialise_binary.csproj", "{CD04904A-828A-4009-8E22-0C907A181323}"
EndProject
Project("{9A19103F-16F7-4668-BE54-9A1E7A4F7556}") = "labs_69_XML", "labs_69_XML\labs_69_XML.csproj", "{3205E148-9FB7-4F8A-80B6-84430D3462BA}"
EndProject
Project("{9A19103F-16F7-4668-BE54-9A1E7A4F7556}") = "labs_70_SQL_CRUD_App_with_raw_CSharp", "labs_70_SQL_CRUD_App_with_raw_CSharp\labs_70_SQL_CRUD_App_with_raw_CSharp.csproj", "{23D3D10E-8208-4854-8228-6025A337A5D7}"
EndProject
Project("{9A19103F-16F7-4668-BE54-9A1E7A4F7556}") = "labs_71_XML_From_Northwind", "labs_71_XML_From_Northwind\labs_71_XML_From_Northwind.csproj", "{814A36DA-7B67-4C86-9B79-224FFFB9BCF0}"
EndProject
Project("{9A19103F-16F7-4668-BE54-9A1E7A4F7556}") = "SQL_Exercise_XML", "SQL_Exercise_XML\SQL_Exercise_XML.csproj", "{1187E715-5CD9-42CF-8A17-B67C308730FE}"
EndProject
Project("{FAE04EC0-301F-11D3-BF4B-00C04F79EFBC}") = "Labs_72_ASP_Framework_Website", "Labs_72_ASP_Framework_Website\Labs_72_ASP_Framework_Website.csproj", "{1DB23A9E-50FF-465F-A5B7-904E11B3B46E}"
EndProject
Project("{FAE04EC0-301F-11D3-BF4B-00C04F79EFBC}") = "labs_73_MVC_Framework_Northwind", "labs_73_MVC_Framework_Northwind\labs_73_MVC_Framework_Northwind.csproj", "{52F8835E-EBA6-4115-A260-564ABEAD376E}"
EndProject
Project("{9A19103F-16F7-4668-BE54-9A1E7A4F7556}") = "labs_74_tasks", "labs_72_tasks\labs_74_tasks.csproj", "{AEA5F528-6F7F-4BBA-92E8-EFF34A17EE4D}"
EndProject
Project("{9A19103F-16F7-4668-BE54-9A1E7A4F7556}") = "labs_75_array_of_tasks", "labs_73_array_of_tasks\labs_75_array_of_tasks.csproj", "{B51BD98E-4DA7-4420-8339-81279E6E3AB8}"
EndProject
Project("{9A19103F-16F7-4668-BE54-9A1E7A4F7556}") = "labs_76_ASP_Core_Website", "labs_76_ASP_Core_Website\labs_76_ASP_Core_Website.csproj", "{ADC12D4D-7F1D-4775-8122-1A52808A186E}"
EndProject
Project("{9A19103F-16F7-4668-BE54-9A1E7A4F7556}") = "Labs_76b_ASP_Core_Website", "Labs_76b_ASP_Core_Website\Labs_76b_ASP_Core_Website.csproj", "{F48A40B0-0B86-4EAE-A174-00AB426D8454}"
EndProject
Project("{FAE04EC0-301F-11D3-BF4B-00C04F79EFBC}") = "McMovie_Rick_Anderson_Tutorial", "McMovie_Rick_Anderson_Tutorial\McMovie_Rick_Anderson_Tutorial.csproj", "{61D43E66-BE3E-4670-9951-F5D0C7FBA6AC}"
EndProject
Project("{FAE04EC0-301F-11D3-BF4B-00C04F79EFBC}") = "BethanysPieShop", "BethanysPieShop\BethanysPieShop.csproj", "{79704B53-204E-4BFD-A93B-5C314DAD4EEC}"
EndProject
Global
	GlobalSection(SolutionConfigurationPlatforms) = preSolution
		Debug|Any CPU = Debug|Any CPU
		Release|Any CPU = Release|Any CPU
	EndGlobalSection
	GlobalSection(ProjectConfigurationPlatforms) = postSolution
		{C81DACA2-82F8-4B83-A812-50EA56B098BD}.Debug|Any CPU.ActiveCfg = Debug|Any CPU
		{C81DACA2-82F8-4B83-A812-50EA56B098BD}.Debug|Any CPU.Build.0 = Debug|Any CPU
		{C81DACA2-82F8-4B83-A812-50EA56B098BD}.Release|Any CPU.ActiveCfg = Release|Any CPU
		{C81DACA2-82F8-4B83-A812-50EA56B098BD}.Release|Any CPU.Build.0 = Release|Any CPU
		{29E8A5D9-2521-41EA-8EFD-F626FB1E8F4F}.Debug|Any CPU.ActiveCfg = Debug|Any CPU
		{29E8A5D9-2521-41EA-8EFD-F626FB1E8F4F}.Debug|Any CPU.Build.0 = Debug|Any CPU
		{29E8A5D9-2521-41EA-8EFD-F626FB1E8F4F}.Release|Any CPU.ActiveCfg = Release|Any CPU
		{29E8A5D9-2521-41EA-8EFD-F626FB1E8F4F}.Release|Any CPU.Build.0 = Release|Any CPU
		{FDCBBB53-664A-49C8-B6BC-772C21E274E8}.Debug|Any CPU.ActiveCfg = Debug|Any CPU
		{FDCBBB53-664A-49C8-B6BC-772C21E274E8}.Debug|Any CPU.Build.0 = Debug|Any CPU
		{FDCBBB53-664A-49C8-B6BC-772C21E274E8}.Release|Any CPU.ActiveCfg = Release|Any CPU
		{FDCBBB53-664A-49C8-B6BC-772C21E274E8}.Release|Any CPU.Build.0 = Release|Any CPU
		{F7246C93-64FF-471E-AE64-7DCFA7FE93EF}.Debug|Any CPU.ActiveCfg = Debug|Any CPU
		{F7246C93-64FF-471E-AE64-7DCFA7FE93EF}.Debug|Any CPU.Build.0 = Debug|Any CPU
		{F7246C93-64FF-471E-AE64-7DCFA7FE93EF}.Release|Any CPU.ActiveCfg = Release|Any CPU
		{F7246C93-64FF-471E-AE64-7DCFA7FE93EF}.Release|Any CPU.Build.0 = Release|Any CPU
		{9830CB28-CB2B-4F51-A137-FC24C4A475D1}.Debug|Any CPU.ActiveCfg = Debug|Any CPU
		{9830CB28-CB2B-4F51-A137-FC24C4A475D1}.Debug|Any CPU.Build.0 = Debug|Any CPU
		{9830CB28-CB2B-4F51-A137-FC24C4A475D1}.Release|Any CPU.ActiveCfg = Release|Any CPU
		{9830CB28-CB2B-4F51-A137-FC24C4A475D1}.Release|Any CPU.Build.0 = Release|Any CPU
		{3BD2FA6B-E106-4547-9025-BD7D7BD01D45}.Debug|Any CPU.ActiveCfg = Debug|Any CPU
		{3BD2FA6B-E106-4547-9025-BD7D7BD01D45}.Debug|Any CPU.Build.0 = Debug|Any CPU
		{3BD2FA6B-E106-4547-9025-BD7D7BD01D45}.Release|Any CPU.ActiveCfg = Release|Any CPU
		{3BD2FA6B-E106-4547-9025-BD7D7BD01D45}.Release|Any CPU.Build.0 = Release|Any CPU
		{18E124C8-47DB-48EC-AC90-619B2AEACB91}.Debug|Any CPU.ActiveCfg = Debug|Any CPU
		{18E124C8-47DB-48EC-AC90-619B2AEACB91}.Debug|Any CPU.Build.0 = Debug|Any CPU
		{18E124C8-47DB-48EC-AC90-619B2AEACB91}.Release|Any CPU.ActiveCfg = Release|Any CPU
		{18E124C8-47DB-48EC-AC90-619B2AEACB91}.Release|Any CPU.Build.0 = Release|Any CPU
		{934C935A-F156-4CF7-91DB-B03DF5569FBC}.Debug|Any CPU.ActiveCfg = Debug|Any CPU
		{934C935A-F156-4CF7-91DB-B03DF5569FBC}.Debug|Any CPU.Build.0 = Debug|Any CPU
		{934C935A-F156-4CF7-91DB-B03DF5569FBC}.Release|Any CPU.ActiveCfg = Release|Any CPU
		{934C935A-F156-4CF7-91DB-B03DF5569FBC}.Release|Any CPU.Build.0 = Release|Any CPU
		{5B30C2B8-4E85-408F-86A7-8B7B493BDBBA}.Debug|Any CPU.ActiveCfg = Debug|Any CPU
		{5B30C2B8-4E85-408F-86A7-8B7B493BDBBA}.Debug|Any CPU.Build.0 = Debug|Any CPU
		{5B30C2B8-4E85-408F-86A7-8B7B493BDBBA}.Release|Any CPU.ActiveCfg = Release|Any CPU
		{5B30C2B8-4E85-408F-86A7-8B7B493BDBBA}.Release|Any CPU.Build.0 = Release|Any CPU
		{FE55CB14-037F-4841-A03D-6632C0ECEFB5}.Debug|Any CPU.ActiveCfg = Debug|Any CPU
		{FE55CB14-037F-4841-A03D-6632C0ECEFB5}.Debug|Any CPU.Build.0 = Debug|Any CPU
		{FE55CB14-037F-4841-A03D-6632C0ECEFB5}.Release|Any CPU.ActiveCfg = Release|Any CPU
		{FE55CB14-037F-4841-A03D-6632C0ECEFB5}.Release|Any CPU.Build.0 = Release|Any CPU
		{5EC7DAE4-E954-4BD0-83FE-AA390D0812E3}.Debug|Any CPU.ActiveCfg = Debug|Any CPU
		{5EC7DAE4-E954-4BD0-83FE-AA390D0812E3}.Debug|Any CPU.Build.0 = Debug|Any CPU
		{5EC7DAE4-E954-4BD0-83FE-AA390D0812E3}.Release|Any CPU.ActiveCfg = Release|Any CPU
		{5EC7DAE4-E954-4BD0-83FE-AA390D0812E3}.Release|Any CPU.Build.0 = Release|Any CPU
		{142FAF2F-9A95-4B1F-BD37-E0C76B5540FD}.Debug|Any CPU.ActiveCfg = Debug|Any CPU
		{142FAF2F-9A95-4B1F-BD37-E0C76B5540FD}.Debug|Any CPU.Build.0 = Debug|Any CPU
		{142FAF2F-9A95-4B1F-BD37-E0C76B5540FD}.Release|Any CPU.ActiveCfg = Release|Any CPU
		{142FAF2F-9A95-4B1F-BD37-E0C76B5540FD}.Release|Any CPU.Build.0 = Release|Any CPU
		{015BFC97-E3F9-4F63-8316-32D035E5440F}.Debug|Any CPU.ActiveCfg = Debug|Any CPU
		{015BFC97-E3F9-4F63-8316-32D035E5440F}.Debug|Any CPU.Build.0 = Debug|Any CPU
		{015BFC97-E3F9-4F63-8316-32D035E5440F}.Release|Any CPU.ActiveCfg = Release|Any CPU
		{015BFC97-E3F9-4F63-8316-32D035E5440F}.Release|Any CPU.Build.0 = Release|Any CPU
		{A45DB4A3-1304-4CEC-A092-8575FAA024B6}.Debug|Any CPU.ActiveCfg = Debug|Any CPU
		{A45DB4A3-1304-4CEC-A092-8575FAA024B6}.Debug|Any CPU.Build.0 = Debug|Any CPU
		{A45DB4A3-1304-4CEC-A092-8575FAA024B6}.Release|Any CPU.ActiveCfg = Release|Any CPU
		{A45DB4A3-1304-4CEC-A092-8575FAA024B6}.Release|Any CPU.Build.0 = Release|Any CPU
		{13D57EA6-8F43-4BF4-B310-C4E032F4ECD5}.Debug|Any CPU.ActiveCfg = Debug|Any CPU
		{13D57EA6-8F43-4BF4-B310-C4E032F4ECD5}.Debug|Any CPU.Build.0 = Debug|Any CPU
		{13D57EA6-8F43-4BF4-B310-C4E032F4ECD5}.Release|Any CPU.ActiveCfg = Release|Any CPU
		{13D57EA6-8F43-4BF4-B310-C4E032F4ECD5}.Release|Any CPU.Build.0 = Release|Any CPU
		{CF12D820-3492-4F87-9838-40EDA0A99C07}.Debug|Any CPU.ActiveCfg = Debug|Any CPU
		{CF12D820-3492-4F87-9838-40EDA0A99C07}.Debug|Any CPU.Build.0 = Debug|Any CPU
		{CF12D820-3492-4F87-9838-40EDA0A99C07}.Release|Any CPU.ActiveCfg = Release|Any CPU
		{CF12D820-3492-4F87-9838-40EDA0A99C07}.Release|Any CPU.Build.0 = Release|Any CPU
		{72D38479-F040-4966-98D4-9E5F83CE5191}.Debug|Any CPU.ActiveCfg = Debug|Any CPU
		{72D38479-F040-4966-98D4-9E5F83CE5191}.Debug|Any CPU.Build.0 = Debug|Any CPU
		{72D38479-F040-4966-98D4-9E5F83CE5191}.Release|Any CPU.ActiveCfg = Release|Any CPU
		{72D38479-F040-4966-98D4-9E5F83CE5191}.Release|Any CPU.Build.0 = Release|Any CPU
		{D61EC13B-0485-4D83-9EC7-68C54E51EC1A}.Debug|Any CPU.ActiveCfg = Debug|Any CPU
		{D61EC13B-0485-4D83-9EC7-68C54E51EC1A}.Debug|Any CPU.Build.0 = Debug|Any CPU
		{D61EC13B-0485-4D83-9EC7-68C54E51EC1A}.Release|Any CPU.ActiveCfg = Release|Any CPU
		{D61EC13B-0485-4D83-9EC7-68C54E51EC1A}.Release|Any CPU.Build.0 = Release|Any CPU
		{9DE4BD9F-E0E7-4901-9B8C-B24D14D7F608}.Debug|Any CPU.ActiveCfg = Debug|Any CPU
		{9DE4BD9F-E0E7-4901-9B8C-B24D14D7F608}.Debug|Any CPU.Build.0 = Debug|Any CPU
		{9DE4BD9F-E0E7-4901-9B8C-B24D14D7F608}.Release|Any CPU.ActiveCfg = Release|Any CPU
		{9DE4BD9F-E0E7-4901-9B8C-B24D14D7F608}.Release|Any CPU.Build.0 = Release|Any CPU
		{9E2C0F1F-AB8C-4034-B828-D0B7CE3291A9}.Debug|Any CPU.ActiveCfg = Debug|Any CPU
		{9E2C0F1F-AB8C-4034-B828-D0B7CE3291A9}.Debug|Any CPU.Build.0 = Debug|Any CPU
		{9E2C0F1F-AB8C-4034-B828-D0B7CE3291A9}.Release|Any CPU.ActiveCfg = Release|Any CPU
		{9E2C0F1F-AB8C-4034-B828-D0B7CE3291A9}.Release|Any CPU.Build.0 = Release|Any CPU
		{EE8B36EC-882A-414A-987F-A5FFE7331BFF}.Debug|Any CPU.ActiveCfg = Debug|Any CPU
		{EE8B36EC-882A-414A-987F-A5FFE7331BFF}.Debug|Any CPU.Build.0 = Debug|Any CPU
		{EE8B36EC-882A-414A-987F-A5FFE7331BFF}.Release|Any CPU.ActiveCfg = Release|Any CPU
		{EE8B36EC-882A-414A-987F-A5FFE7331BFF}.Release|Any CPU.Build.0 = Release|Any CPU
		{A402DA58-20A4-410C-AC85-FA529DB2DCC1}.Debug|Any CPU.ActiveCfg = Debug|Any CPU
		{A402DA58-20A4-410C-AC85-FA529DB2DCC1}.Debug|Any CPU.Build.0 = Debug|Any CPU
		{A402DA58-20A4-410C-AC85-FA529DB2DCC1}.Release|Any CPU.ActiveCfg = Release|Any CPU
		{A402DA58-20A4-410C-AC85-FA529DB2DCC1}.Release|Any CPU.Build.0 = Release|Any CPU
		{093800AD-8876-428C-A42E-E2F6BA977FEA}.Debug|Any CPU.ActiveCfg = Debug|Any CPU
		{093800AD-8876-428C-A42E-E2F6BA977FEA}.Debug|Any CPU.Build.0 = Debug|Any CPU
		{093800AD-8876-428C-A42E-E2F6BA977FEA}.Release|Any CPU.ActiveCfg = Release|Any CPU
		{093800AD-8876-428C-A42E-E2F6BA977FEA}.Release|Any CPU.Build.0 = Release|Any CPU
		{63E23543-5D22-4963-9D8C-3EAACAF25619}.Debug|Any CPU.ActiveCfg = Debug|Any CPU
		{63E23543-5D22-4963-9D8C-3EAACAF25619}.Debug|Any CPU.Build.0 = Debug|Any CPU
		{63E23543-5D22-4963-9D8C-3EAACAF25619}.Release|Any CPU.ActiveCfg = Release|Any CPU
		{63E23543-5D22-4963-9D8C-3EAACAF25619}.Release|Any CPU.Build.0 = Release|Any CPU
		{9755DCC0-314E-4E37-87E9-ED12A7D49A65}.Debug|Any CPU.ActiveCfg = Debug|Any CPU
		{9755DCC0-314E-4E37-87E9-ED12A7D49A65}.Debug|Any CPU.Build.0 = Debug|Any CPU
		{9755DCC0-314E-4E37-87E9-ED12A7D49A65}.Release|Any CPU.ActiveCfg = Release|Any CPU
		{9755DCC0-314E-4E37-87E9-ED12A7D49A65}.Release|Any CPU.Build.0 = Release|Any CPU
		{78E91A82-6563-4801-BC13-DC458D1C5ED6}.Debug|Any CPU.ActiveCfg = Debug|Any CPU
		{78E91A82-6563-4801-BC13-DC458D1C5ED6}.Debug|Any CPU.Build.0 = Debug|Any CPU
		{78E91A82-6563-4801-BC13-DC458D1C5ED6}.Release|Any CPU.ActiveCfg = Release|Any CPU
		{78E91A82-6563-4801-BC13-DC458D1C5ED6}.Release|Any CPU.Build.0 = Release|Any CPU
		{2C3AFBC1-C401-4593-9370-20F1104F9F93}.Debug|Any CPU.ActiveCfg = Debug|Any CPU
		{2C3AFBC1-C401-4593-9370-20F1104F9F93}.Debug|Any CPU.Build.0 = Debug|Any CPU
		{2C3AFBC1-C401-4593-9370-20F1104F9F93}.Release|Any CPU.ActiveCfg = Release|Any CPU
		{2C3AFBC1-C401-4593-9370-20F1104F9F93}.Release|Any CPU.Build.0 = Release|Any CPU
		{E037784D-85CC-4E6F-B775-E5AEE650EB70}.Debug|Any CPU.ActiveCfg = Debug|Any CPU
		{E037784D-85CC-4E6F-B775-E5AEE650EB70}.Debug|Any CPU.Build.0 = Debug|Any CPU
		{E037784D-85CC-4E6F-B775-E5AEE650EB70}.Release|Any CPU.ActiveCfg = Release|Any CPU
		{E037784D-85CC-4E6F-B775-E5AEE650EB70}.Release|Any CPU.Build.0 = Release|Any CPU
		{7FA97BDE-7409-4AE0-AB15-ABB92E6E6A10}.Debug|Any CPU.ActiveCfg = Debug|Any CPU
		{7FA97BDE-7409-4AE0-AB15-ABB92E6E6A10}.Debug|Any CPU.Build.0 = Debug|Any CPU
		{7FA97BDE-7409-4AE0-AB15-ABB92E6E6A10}.Release|Any CPU.ActiveCfg = Release|Any CPU
		{7FA97BDE-7409-4AE0-AB15-ABB92E6E6A10}.Release|Any CPU.Build.0 = Release|Any CPU
		{7F0D8542-EC8C-40CE-A623-60D15ECEC2C3}.Debug|Any CPU.ActiveCfg = Debug|Any CPU
		{7F0D8542-EC8C-40CE-A623-60D15ECEC2C3}.Debug|Any CPU.Build.0 = Debug|Any CPU
		{7F0D8542-EC8C-40CE-A623-60D15ECEC2C3}.Release|Any CPU.ActiveCfg = Release|Any CPU
		{7F0D8542-EC8C-40CE-A623-60D15ECEC2C3}.Release|Any CPU.Build.0 = Release|Any CPU
		{92CB7AA4-4D08-40E7-92F4-4DEE07FA14FF}.Debug|Any CPU.ActiveCfg = Debug|Any CPU
		{92CB7AA4-4D08-40E7-92F4-4DEE07FA14FF}.Debug|Any CPU.Build.0 = Debug|Any CPU
		{92CB7AA4-4D08-40E7-92F4-4DEE07FA14FF}.Release|Any CPU.ActiveCfg = Release|Any CPU
		{92CB7AA4-4D08-40E7-92F4-4DEE07FA14FF}.Release|Any CPU.Build.0 = Release|Any CPU
		{9C52467C-6E49-4A3E-B46D-219ABB8E6200}.Debug|Any CPU.ActiveCfg = Debug|Any CPU
		{9C52467C-6E49-4A3E-B46D-219ABB8E6200}.Debug|Any CPU.Build.0 = Debug|Any CPU
		{9C52467C-6E49-4A3E-B46D-219ABB8E6200}.Release|Any CPU.ActiveCfg = Release|Any CPU
		{9C52467C-6E49-4A3E-B46D-219ABB8E6200}.Release|Any CPU.Build.0 = Release|Any CPU
		{74E887AA-0DE3-4320-BD2C-D234A22B1CDC}.Debug|Any CPU.ActiveCfg = Debug|Any CPU
		{74E887AA-0DE3-4320-BD2C-D234A22B1CDC}.Debug|Any CPU.Build.0 = Debug|Any CPU
		{74E887AA-0DE3-4320-BD2C-D234A22B1CDC}.Release|Any CPU.ActiveCfg = Release|Any CPU
		{74E887AA-0DE3-4320-BD2C-D234A22B1CDC}.Release|Any CPU.Build.0 = Release|Any CPU
		{D47DE76B-DC65-42C0-AB46-E4D0424C852C}.Debug|Any CPU.ActiveCfg = Debug|Any CPU
		{D47DE76B-DC65-42C0-AB46-E4D0424C852C}.Debug|Any CPU.Build.0 = Debug|Any CPU
		{D47DE76B-DC65-42C0-AB46-E4D0424C852C}.Release|Any CPU.ActiveCfg = Release|Any CPU
		{D47DE76B-DC65-42C0-AB46-E4D0424C852C}.Release|Any CPU.Build.0 = Release|Any CPU
		{AB610302-BEA4-4F54-86D7-616A32F6DC31}.Debug|Any CPU.ActiveCfg = Debug|Any CPU
		{AB610302-BEA4-4F54-86D7-616A32F6DC31}.Debug|Any CPU.Build.0 = Debug|Any CPU
		{AB610302-BEA4-4F54-86D7-616A32F6DC31}.Release|Any CPU.ActiveCfg = Release|Any CPU
		{AB610302-BEA4-4F54-86D7-616A32F6DC31}.Release|Any CPU.Build.0 = Release|Any CPU
		{6A23E3BB-5403-4170-AA69-DB3BF2426EB5}.Debug|Any CPU.ActiveCfg = Debug|Any CPU
		{6A23E3BB-5403-4170-AA69-DB3BF2426EB5}.Debug|Any CPU.Build.0 = Debug|Any CPU
		{6A23E3BB-5403-4170-AA69-DB3BF2426EB5}.Release|Any CPU.ActiveCfg = Release|Any CPU
		{6A23E3BB-5403-4170-AA69-DB3BF2426EB5}.Release|Any CPU.Build.0 = Release|Any CPU
		{85181202-2EF7-427B-80D6-8AFA791B5C6D}.Debug|Any CPU.ActiveCfg = Debug|Any CPU
		{85181202-2EF7-427B-80D6-8AFA791B5C6D}.Debug|Any CPU.Build.0 = Debug|Any CPU
		{85181202-2EF7-427B-80D6-8AFA791B5C6D}.Release|Any CPU.ActiveCfg = Release|Any CPU
		{85181202-2EF7-427B-80D6-8AFA791B5C6D}.Release|Any CPU.Build.0 = Release|Any CPU
		{D2A94787-6D02-4B48-8A58-03B771313C14}.Debug|Any CPU.ActiveCfg = Debug|Any CPU
		{D2A94787-6D02-4B48-8A58-03B771313C14}.Debug|Any CPU.Build.0 = Debug|Any CPU
		{D2A94787-6D02-4B48-8A58-03B771313C14}.Release|Any CPU.ActiveCfg = Release|Any CPU
		{D2A94787-6D02-4B48-8A58-03B771313C14}.Release|Any CPU.Build.0 = Release|Any CPU
		{63CFE71C-B3C7-4D73-90CD-77D64A89AD20}.Debug|Any CPU.ActiveCfg = Debug|Any CPU
		{63CFE71C-B3C7-4D73-90CD-77D64A89AD20}.Debug|Any CPU.Build.0 = Debug|Any CPU
		{63CFE71C-B3C7-4D73-90CD-77D64A89AD20}.Release|Any CPU.ActiveCfg = Release|Any CPU
		{63CFE71C-B3C7-4D73-90CD-77D64A89AD20}.Release|Any CPU.Build.0 = Release|Any CPU
		{7D6C24FE-4D15-4CE9-AD0D-A60CA92FAC2B}.Debug|Any CPU.ActiveCfg = Debug|Any CPU
		{7D6C24FE-4D15-4CE9-AD0D-A60CA92FAC2B}.Debug|Any CPU.Build.0 = Debug|Any CPU
		{7D6C24FE-4D15-4CE9-AD0D-A60CA92FAC2B}.Release|Any CPU.ActiveCfg = Release|Any CPU
		{7D6C24FE-4D15-4CE9-AD0D-A60CA92FAC2B}.Release|Any CPU.Build.0 = Release|Any CPU
		{1CBE12DE-098B-4618-A5D2-0D9132955FF1}.Debug|Any CPU.ActiveCfg = Debug|Any CPU
		{1CBE12DE-098B-4618-A5D2-0D9132955FF1}.Debug|Any CPU.Build.0 = Debug|Any CPU
		{1CBE12DE-098B-4618-A5D2-0D9132955FF1}.Release|Any CPU.ActiveCfg = Release|Any CPU
		{1CBE12DE-098B-4618-A5D2-0D9132955FF1}.Release|Any CPU.Build.0 = Release|Any CPU
		{679F4C6D-08D3-4083-91BC-8D5C0E4C0194}.Debug|Any CPU.ActiveCfg = Debug|Any CPU
		{679F4C6D-08D3-4083-91BC-8D5C0E4C0194}.Debug|Any CPU.Build.0 = Debug|Any CPU
		{679F4C6D-08D3-4083-91BC-8D5C0E4C0194}.Release|Any CPU.ActiveCfg = Release|Any CPU
		{679F4C6D-08D3-4083-91BC-8D5C0E4C0194}.Release|Any CPU.Build.0 = Release|Any CPU
		{D61751C1-222D-4EC4-ABF6-0ADF6C4F52D4}.Debug|Any CPU.ActiveCfg = Debug|Any CPU
		{D61751C1-222D-4EC4-ABF6-0ADF6C4F52D4}.Debug|Any CPU.Build.0 = Debug|Any CPU
		{D61751C1-222D-4EC4-ABF6-0ADF6C4F52D4}.Release|Any CPU.ActiveCfg = Release|Any CPU
		{D61751C1-222D-4EC4-ABF6-0ADF6C4F52D4}.Release|Any CPU.Build.0 = Release|Any CPU
		{32B73FE9-7BBB-4F5C-A32F-2CDF65717571}.Debug|Any CPU.ActiveCfg = Debug|Any CPU
		{32B73FE9-7BBB-4F5C-A32F-2CDF65717571}.Debug|Any CPU.Build.0 = Debug|Any CPU
		{32B73FE9-7BBB-4F5C-A32F-2CDF65717571}.Release|Any CPU.ActiveCfg = Release|Any CPU
		{32B73FE9-7BBB-4F5C-A32F-2CDF65717571}.Release|Any CPU.Build.0 = Release|Any CPU
		{BA781053-F3BC-4BFE-8398-C50D0AAA1234}.Debug|Any CPU.ActiveCfg = Debug|Any CPU
		{BA781053-F3BC-4BFE-8398-C50D0AAA1234}.Debug|Any CPU.Build.0 = Debug|Any CPU
		{BA781053-F3BC-4BFE-8398-C50D0AAA1234}.Release|Any CPU.ActiveCfg = Release|Any CPU
		{BA781053-F3BC-4BFE-8398-C50D0AAA1234}.Release|Any CPU.Build.0 = Release|Any CPU
		{B8B25522-EE5A-4130-A7A7-8FD872C0150C}.Debug|Any CPU.ActiveCfg = Debug|Any CPU
		{B8B25522-EE5A-4130-A7A7-8FD872C0150C}.Debug|Any CPU.Build.0 = Debug|Any CPU
		{B8B25522-EE5A-4130-A7A7-8FD872C0150C}.Release|Any CPU.ActiveCfg = Release|Any CPU
		{B8B25522-EE5A-4130-A7A7-8FD872C0150C}.Release|Any CPU.Build.0 = Release|Any CPU
		{9C7280FD-39F3-4721-805F-2BC3E3DD29AD}.Debug|Any CPU.ActiveCfg = Debug|Any CPU
		{9C7280FD-39F3-4721-805F-2BC3E3DD29AD}.Debug|Any CPU.Build.0 = Debug|Any CPU
		{9C7280FD-39F3-4721-805F-2BC3E3DD29AD}.Release|Any CPU.ActiveCfg = Release|Any CPU
		{9C7280FD-39F3-4721-805F-2BC3E3DD29AD}.Release|Any CPU.Build.0 = Release|Any CPU
		{73D04464-1074-483D-A2E3-636B772B7B10}.Debug|Any CPU.ActiveCfg = Debug|Any CPU
		{73D04464-1074-483D-A2E3-636B772B7B10}.Debug|Any CPU.Build.0 = Debug|Any CPU
		{73D04464-1074-483D-A2E3-636B772B7B10}.Release|Any CPU.ActiveCfg = Release|Any CPU
		{73D04464-1074-483D-A2E3-636B772B7B10}.Release|Any CPU.Build.0 = Release|Any CPU
		{F955B264-6B1A-4725-B90D-AB8498D0CDBE}.Debug|Any CPU.ActiveCfg = Debug|Any CPU
		{F955B264-6B1A-4725-B90D-AB8498D0CDBE}.Debug|Any CPU.Build.0 = Debug|Any CPU
		{F955B264-6B1A-4725-B90D-AB8498D0CDBE}.Release|Any CPU.ActiveCfg = Release|Any CPU
		{F955B264-6B1A-4725-B90D-AB8498D0CDBE}.Release|Any CPU.Build.0 = Release|Any CPU
		{DD85E596-BF12-497B-A83C-63BF435A9222}.Debug|Any CPU.ActiveCfg = Debug|Any CPU
		{DD85E596-BF12-497B-A83C-63BF435A9222}.Debug|Any CPU.Build.0 = Debug|Any CPU
		{DD85E596-BF12-497B-A83C-63BF435A9222}.Release|Any CPU.ActiveCfg = Release|Any CPU
		{DD85E596-BF12-497B-A83C-63BF435A9222}.Release|Any CPU.Build.0 = Release|Any CPU
		{9CAA804C-F752-432C-9102-DC5EC31A47BF}.Debug|Any CPU.ActiveCfg = Debug|Any CPU
		{9CAA804C-F752-432C-9102-DC5EC31A47BF}.Debug|Any CPU.Build.0 = Debug|Any CPU
		{9CAA804C-F752-432C-9102-DC5EC31A47BF}.Release|Any CPU.ActiveCfg = Release|Any CPU
		{9CAA804C-F752-432C-9102-DC5EC31A47BF}.Release|Any CPU.Build.0 = Release|Any CPU
		{C905D2AD-F232-4E9D-831A-0873F42687C0}.Debug|Any CPU.ActiveCfg = Debug|Any CPU
		{C905D2AD-F232-4E9D-831A-0873F42687C0}.Debug|Any CPU.Build.0 = Debug|Any CPU
		{C905D2AD-F232-4E9D-831A-0873F42687C0}.Release|Any CPU.ActiveCfg = Release|Any CPU
		{C905D2AD-F232-4E9D-831A-0873F42687C0}.Release|Any CPU.Build.0 = Release|Any CPU
		{DAB75AB4-DC81-494D-9A6A-FCE1D190119C}.Debug|Any CPU.ActiveCfg = Debug|Any CPU
		{DAB75AB4-DC81-494D-9A6A-FCE1D190119C}.Debug|Any CPU.Build.0 = Debug|Any CPU
		{DAB75AB4-DC81-494D-9A6A-FCE1D190119C}.Release|Any CPU.ActiveCfg = Release|Any CPU
		{DAB75AB4-DC81-494D-9A6A-FCE1D190119C}.Release|Any CPU.Build.0 = Release|Any CPU
		{4C7FE9E6-D030-4E0F-9C71-BA80E70BA8CA}.Debug|Any CPU.ActiveCfg = Debug|Any CPU
		{4C7FE9E6-D030-4E0F-9C71-BA80E70BA8CA}.Debug|Any CPU.Build.0 = Debug|Any CPU
		{4C7FE9E6-D030-4E0F-9C71-BA80E70BA8CA}.Release|Any CPU.ActiveCfg = Release|Any CPU
		{4C7FE9E6-D030-4E0F-9C71-BA80E70BA8CA}.Release|Any CPU.Build.0 = Release|Any CPU
		{3FE5E9FA-729C-4CB3-B4CC-7B61F4BA684D}.Debug|Any CPU.ActiveCfg = Debug|Any CPU
		{3FE5E9FA-729C-4CB3-B4CC-7B61F4BA684D}.Debug|Any CPU.Build.0 = Debug|Any CPU
		{3FE5E9FA-729C-4CB3-B4CC-7B61F4BA684D}.Release|Any CPU.ActiveCfg = Release|Any CPU
		{3FE5E9FA-729C-4CB3-B4CC-7B61F4BA684D}.Release|Any CPU.Build.0 = Release|Any CPU
		{855FDA19-75A3-4FD5-B071-2514222792B3}.Debug|Any CPU.ActiveCfg = Debug|Any CPU
		{855FDA19-75A3-4FD5-B071-2514222792B3}.Debug|Any CPU.Build.0 = Debug|Any CPU
		{855FDA19-75A3-4FD5-B071-2514222792B3}.Release|Any CPU.ActiveCfg = Release|Any CPU
		{855FDA19-75A3-4FD5-B071-2514222792B3}.Release|Any CPU.Build.0 = Release|Any CPU
		{BE201BE5-ED70-450C-B583-03BF33E9D3B1}.Debug|Any CPU.ActiveCfg = Debug|Any CPU
		{BE201BE5-ED70-450C-B583-03BF33E9D3B1}.Debug|Any CPU.Build.0 = Debug|Any CPU
		{BE201BE5-ED70-450C-B583-03BF33E9D3B1}.Release|Any CPU.ActiveCfg = Release|Any CPU
		{BE201BE5-ED70-450C-B583-03BF33E9D3B1}.Release|Any CPU.Build.0 = Release|Any CPU
		{D5ED11A2-3C74-4931-AFCD-706A6F9E8897}.Debug|Any CPU.ActiveCfg = Debug|Any CPU
		{D5ED11A2-3C74-4931-AFCD-706A6F9E8897}.Debug|Any CPU.Build.0 = Debug|Any CPU
		{D5ED11A2-3C74-4931-AFCD-706A6F9E8897}.Release|Any CPU.ActiveCfg = Release|Any CPU
		{D5ED11A2-3C74-4931-AFCD-706A6F9E8897}.Release|Any CPU.Build.0 = Release|Any CPU
		{BDE276A6-7512-4560-93FF-192C92CB8B24}.Debug|Any CPU.ActiveCfg = Debug|Any CPU
		{BDE276A6-7512-4560-93FF-192C92CB8B24}.Debug|Any CPU.Build.0 = Debug|Any CPU
		{BDE276A6-7512-4560-93FF-192C92CB8B24}.Release|Any CPU.ActiveCfg = Release|Any CPU
		{BDE276A6-7512-4560-93FF-192C92CB8B24}.Release|Any CPU.Build.0 = Release|Any CPU
		{2299EABD-5FFD-4902-BE08-FA9120F95086}.Debug|Any CPU.ActiveCfg = Debug|Any CPU
		{2299EABD-5FFD-4902-BE08-FA9120F95086}.Debug|Any CPU.Build.0 = Debug|Any CPU
		{2299EABD-5FFD-4902-BE08-FA9120F95086}.Release|Any CPU.ActiveCfg = Release|Any CPU
		{2299EABD-5FFD-4902-BE08-FA9120F95086}.Release|Any CPU.Build.0 = Release|Any CPU
		{103BAEF6-ED84-40FC-AFD1-C1F65107B40D}.Debug|Any CPU.ActiveCfg = Debug|Any CPU
		{103BAEF6-ED84-40FC-AFD1-C1F65107B40D}.Debug|Any CPU.Build.0 = Debug|Any CPU
		{103BAEF6-ED84-40FC-AFD1-C1F65107B40D}.Release|Any CPU.ActiveCfg = Release|Any CPU
		{103BAEF6-ED84-40FC-AFD1-C1F65107B40D}.Release|Any CPU.Build.0 = Release|Any CPU
		{5850BC93-3C7B-4A5F-87DF-3E34B3E024CA}.Debug|Any CPU.ActiveCfg = Debug|Any CPU
		{5850BC93-3C7B-4A5F-87DF-3E34B3E024CA}.Debug|Any CPU.Build.0 = Debug|Any CPU
		{5850BC93-3C7B-4A5F-87DF-3E34B3E024CA}.Release|Any CPU.ActiveCfg = Release|Any CPU
		{5850BC93-3C7B-4A5F-87DF-3E34B3E024CA}.Release|Any CPU.Build.0 = Release|Any CPU
		{A4752343-BA84-499F-A83F-8727D73B0A38}.Debug|Any CPU.ActiveCfg = Debug|Any CPU
		{A4752343-BA84-499F-A83F-8727D73B0A38}.Debug|Any CPU.Build.0 = Debug|Any CPU
		{A4752343-BA84-499F-A83F-8727D73B0A38}.Release|Any CPU.ActiveCfg = Release|Any CPU
		{A4752343-BA84-499F-A83F-8727D73B0A38}.Release|Any CPU.Build.0 = Release|Any CPU
		{D1EDD548-DAA5-4A24-9A90-0F2D9504F74F}.Debug|Any CPU.ActiveCfg = Debug|Any CPU
		{D1EDD548-DAA5-4A24-9A90-0F2D9504F74F}.Debug|Any CPU.Build.0 = Debug|Any CPU
		{D1EDD548-DAA5-4A24-9A90-0F2D9504F74F}.Release|Any CPU.ActiveCfg = Release|Any CPU
		{D1EDD548-DAA5-4A24-9A90-0F2D9504F74F}.Release|Any CPU.Build.0 = Release|Any CPU
		{431A1C36-365B-4711-9C2A-97CDA70B7413}.Debug|Any CPU.ActiveCfg = Debug|Any CPU
		{431A1C36-365B-4711-9C2A-97CDA70B7413}.Debug|Any CPU.Build.0 = Debug|Any CPU
		{431A1C36-365B-4711-9C2A-97CDA70B7413}.Release|Any CPU.ActiveCfg = Release|Any CPU
		{431A1C36-365B-4711-9C2A-97CDA70B7413}.Release|Any CPU.Build.0 = Release|Any CPU
		{E7A90E57-87A6-4004-A1B0-6AD61BD5E9B0}.Debug|Any CPU.ActiveCfg = Debug|Any CPU
		{E7A90E57-87A6-4004-A1B0-6AD61BD5E9B0}.Debug|Any CPU.Build.0 = Debug|Any CPU
		{E7A90E57-87A6-4004-A1B0-6AD61BD5E9B0}.Release|Any CPU.ActiveCfg = Release|Any CPU
		{E7A90E57-87A6-4004-A1B0-6AD61BD5E9B0}.Release|Any CPU.Build.0 = Release|Any CPU
		{AE6DDEAB-8431-42B7-971A-8387401B786C}.Debug|Any CPU.ActiveCfg = Debug|Any CPU
		{AE6DDEAB-8431-42B7-971A-8387401B786C}.Debug|Any CPU.Build.0 = Debug|Any CPU
		{AE6DDEAB-8431-42B7-971A-8387401B786C}.Release|Any CPU.ActiveCfg = Release|Any CPU
		{AE6DDEAB-8431-42B7-971A-8387401B786C}.Release|Any CPU.Build.0 = Release|Any CPU
		{69C5C77F-293C-4F15-B876-CD51F21FC933}.Debug|Any CPU.ActiveCfg = Debug|Any CPU
		{69C5C77F-293C-4F15-B876-CD51F21FC933}.Debug|Any CPU.Build.0 = Debug|Any CPU
		{69C5C77F-293C-4F15-B876-CD51F21FC933}.Release|Any CPU.ActiveCfg = Release|Any CPU
		{69C5C77F-293C-4F15-B876-CD51F21FC933}.Release|Any CPU.Build.0 = Release|Any CPU
		{729AA821-A06A-42FD-A8CE-989B329EFF5B}.Debug|Any CPU.ActiveCfg = Debug|Any CPU
		{729AA821-A06A-42FD-A8CE-989B329EFF5B}.Debug|Any CPU.Build.0 = Debug|Any CPU
		{729AA821-A06A-42FD-A8CE-989B329EFF5B}.Release|Any CPU.ActiveCfg = Release|Any CPU
		{729AA821-A06A-42FD-A8CE-989B329EFF5B}.Release|Any CPU.Build.0 = Release|Any CPU
		{EE1111EF-CF40-4C47-964A-6161D9C019BA}.Debug|Any CPU.ActiveCfg = Debug|Any CPU
		{EE1111EF-CF40-4C47-964A-6161D9C019BA}.Debug|Any CPU.Build.0 = Debug|Any CPU
		{EE1111EF-CF40-4C47-964A-6161D9C019BA}.Release|Any CPU.ActiveCfg = Release|Any CPU
		{EE1111EF-CF40-4C47-964A-6161D9C019BA}.Release|Any CPU.Build.0 = Release|Any CPU
		{56CC8B65-DDAA-4FA3-B1C1-E16D13A91B16}.Debug|Any CPU.ActiveCfg = Debug|Any CPU
		{56CC8B65-DDAA-4FA3-B1C1-E16D13A91B16}.Debug|Any CPU.Build.0 = Debug|Any CPU
		{56CC8B65-DDAA-4FA3-B1C1-E16D13A91B16}.Release|Any CPU.ActiveCfg = Release|Any CPU
		{56CC8B65-DDAA-4FA3-B1C1-E16D13A91B16}.Release|Any CPU.Build.0 = Release|Any CPU
		{867163B1-443B-4DD7-A169-C5A3D730E623}.Debug|Any CPU.ActiveCfg = Debug|Any CPU
		{867163B1-443B-4DD7-A169-C5A3D730E623}.Debug|Any CPU.Build.0 = Debug|Any CPU
		{867163B1-443B-4DD7-A169-C5A3D730E623}.Release|Any CPU.ActiveCfg = Release|Any CPU
		{867163B1-443B-4DD7-A169-C5A3D730E623}.Release|Any CPU.Build.0 = Release|Any CPU
		{E8F6D3E3-7A2C-459E-879B-466BD6945598}.Debug|Any CPU.ActiveCfg = Debug|Any CPU
		{E8F6D3E3-7A2C-459E-879B-466BD6945598}.Debug|Any CPU.Build.0 = Debug|Any CPU
		{E8F6D3E3-7A2C-459E-879B-466BD6945598}.Release|Any CPU.ActiveCfg = Release|Any CPU
		{E8F6D3E3-7A2C-459E-879B-466BD6945598}.Release|Any CPU.Build.0 = Release|Any CPU
		{B9A37799-01F5-4A33-93B2-B0BA4A767FEB}.Debug|Any CPU.ActiveCfg = Debug|Any CPU
		{B9A37799-01F5-4A33-93B2-B0BA4A767FEB}.Debug|Any CPU.Build.0 = Debug|Any CPU
		{B9A37799-01F5-4A33-93B2-B0BA4A767FEB}.Release|Any CPU.ActiveCfg = Release|Any CPU
		{B9A37799-01F5-4A33-93B2-B0BA4A767FEB}.Release|Any CPU.Build.0 = Release|Any CPU
		{988D6CA3-9859-4371-A5FA-069499317F32}.Debug|Any CPU.ActiveCfg = Debug|Any CPU
		{988D6CA3-9859-4371-A5FA-069499317F32}.Debug|Any CPU.Build.0 = Debug|Any CPU
		{988D6CA3-9859-4371-A5FA-069499317F32}.Release|Any CPU.ActiveCfg = Release|Any CPU
		{988D6CA3-9859-4371-A5FA-069499317F32}.Release|Any CPU.Build.0 = Release|Any CPU
		{561A5CF1-D28B-4F05-AB3C-77FB272BADA1}.Debug|Any CPU.ActiveCfg = Debug|Any CPU
		{561A5CF1-D28B-4F05-AB3C-77FB272BADA1}.Debug|Any CPU.Build.0 = Debug|Any CPU
		{561A5CF1-D28B-4F05-AB3C-77FB272BADA1}.Release|Any CPU.ActiveCfg = Release|Any CPU
		{561A5CF1-D28B-4F05-AB3C-77FB272BADA1}.Release|Any CPU.Build.0 = Release|Any CPU
		{F6C9BA9B-1F01-41F9-8BC8-0E2FB32BD9DB}.Debug|Any CPU.ActiveCfg = Debug|Any CPU
		{F6C9BA9B-1F01-41F9-8BC8-0E2FB32BD9DB}.Debug|Any CPU.Build.0 = Debug|Any CPU
		{F6C9BA9B-1F01-41F9-8BC8-0E2FB32BD9DB}.Release|Any CPU.ActiveCfg = Release|Any CPU
		{F6C9BA9B-1F01-41F9-8BC8-0E2FB32BD9DB}.Release|Any CPU.Build.0 = Release|Any CPU
		{55E1BC62-D356-41C9-8823-2A9BB4E33B82}.Debug|Any CPU.ActiveCfg = Debug|Any CPU
		{55E1BC62-D356-41C9-8823-2A9BB4E33B82}.Debug|Any CPU.Build.0 = Debug|Any CPU
		{55E1BC62-D356-41C9-8823-2A9BB4E33B82}.Release|Any CPU.ActiveCfg = Release|Any CPU
		{55E1BC62-D356-41C9-8823-2A9BB4E33B82}.Release|Any CPU.Build.0 = Release|Any CPU
		{7A6EA541-E516-4DF4-92A8-3DB0BEB46712}.Debug|Any CPU.ActiveCfg = Debug|Any CPU
		{7A6EA541-E516-4DF4-92A8-3DB0BEB46712}.Debug|Any CPU.Build.0 = Debug|Any CPU
		{7A6EA541-E516-4DF4-92A8-3DB0BEB46712}.Release|Any CPU.ActiveCfg = Release|Any CPU
		{7A6EA541-E516-4DF4-92A8-3DB0BEB46712}.Release|Any CPU.Build.0 = Release|Any CPU
		{EDBD69FB-6920-4DA2-96B7-86175F988BFB}.Debug|Any CPU.ActiveCfg = Debug|Any CPU
		{EDBD69FB-6920-4DA2-96B7-86175F988BFB}.Debug|Any CPU.Build.0 = Debug|Any CPU
		{EDBD69FB-6920-4DA2-96B7-86175F988BFB}.Release|Any CPU.ActiveCfg = Release|Any CPU
		{EDBD69FB-6920-4DA2-96B7-86175F988BFB}.Release|Any CPU.Build.0 = Release|Any CPU
		{33C5981E-0BD3-4F24-BBA0-10DD753FF27C}.Debug|Any CPU.ActiveCfg = Debug|Any CPU
		{33C5981E-0BD3-4F24-BBA0-10DD753FF27C}.Debug|Any CPU.Build.0 = Debug|Any CPU
		{33C5981E-0BD3-4F24-BBA0-10DD753FF27C}.Release|Any CPU.ActiveCfg = Release|Any CPU
		{33C5981E-0BD3-4F24-BBA0-10DD753FF27C}.Release|Any CPU.Build.0 = Release|Any CPU
		{CD04904A-828A-4009-8E22-0C907A181323}.Debug|Any CPU.ActiveCfg = Debug|Any CPU
		{CD04904A-828A-4009-8E22-0C907A181323}.Debug|Any CPU.Build.0 = Debug|Any CPU
		{CD04904A-828A-4009-8E22-0C907A181323}.Release|Any CPU.ActiveCfg = Release|Any CPU
		{CD04904A-828A-4009-8E22-0C907A181323}.Release|Any CPU.Build.0 = Release|Any CPU
		{3205E148-9FB7-4F8A-80B6-84430D3462BA}.Debug|Any CPU.ActiveCfg = Debug|Any CPU
		{3205E148-9FB7-4F8A-80B6-84430D3462BA}.Debug|Any CPU.Build.0 = Debug|Any CPU
		{3205E148-9FB7-4F8A-80B6-84430D3462BA}.Release|Any CPU.ActiveCfg = Release|Any CPU
		{3205E148-9FB7-4F8A-80B6-84430D3462BA}.Release|Any CPU.Build.0 = Release|Any CPU
		{23D3D10E-8208-4854-8228-6025A337A5D7}.Debug|Any CPU.ActiveCfg = Debug|Any CPU
		{23D3D10E-8208-4854-8228-6025A337A5D7}.Debug|Any CPU.Build.0 = Debug|Any CPU
		{23D3D10E-8208-4854-8228-6025A337A5D7}.Release|Any CPU.ActiveCfg = Release|Any CPU
		{23D3D10E-8208-4854-8228-6025A337A5D7}.Release|Any CPU.Build.0 = Release|Any CPU
		{814A36DA-7B67-4C86-9B79-224FFFB9BCF0}.Debug|Any CPU.ActiveCfg = Debug|Any CPU
		{814A36DA-7B67-4C86-9B79-224FFFB9BCF0}.Debug|Any CPU.Build.0 = Debug|Any CPU
		{814A36DA-7B67-4C86-9B79-224FFFB9BCF0}.Release|Any CPU.ActiveCfg = Release|Any CPU
		{814A36DA-7B67-4C86-9B79-224FFFB9BCF0}.Release|Any CPU.Build.0 = Release|Any CPU
		{1187E715-5CD9-42CF-8A17-B67C308730FE}.Debug|Any CPU.ActiveCfg = Debug|Any CPU
		{1187E715-5CD9-42CF-8A17-B67C308730FE}.Debug|Any CPU.Build.0 = Debug|Any CPU
		{1187E715-5CD9-42CF-8A17-B67C308730FE}.Release|Any CPU.ActiveCfg = Release|Any CPU
		{1187E715-5CD9-42CF-8A17-B67C308730FE}.Release|Any CPU.Build.0 = Release|Any CPU
		{1DB23A9E-50FF-465F-A5B7-904E11B3B46E}.Debug|Any CPU.ActiveCfg = Debug|Any CPU
		{1DB23A9E-50FF-465F-A5B7-904E11B3B46E}.Debug|Any CPU.Build.0 = Debug|Any CPU
		{1DB23A9E-50FF-465F-A5B7-904E11B3B46E}.Release|Any CPU.ActiveCfg = Release|Any CPU
		{1DB23A9E-50FF-465F-A5B7-904E11B3B46E}.Release|Any CPU.Build.0 = Release|Any CPU
		{52F8835E-EBA6-4115-A260-564ABEAD376E}.Debug|Any CPU.ActiveCfg = Debug|Any CPU
		{52F8835E-EBA6-4115-A260-564ABEAD376E}.Debug|Any CPU.Build.0 = Debug|Any CPU
		{52F8835E-EBA6-4115-A260-564ABEAD376E}.Release|Any CPU.ActiveCfg = Release|Any CPU
		{52F8835E-EBA6-4115-A260-564ABEAD376E}.Release|Any CPU.Build.0 = Release|Any CPU
		{AEA5F528-6F7F-4BBA-92E8-EFF34A17EE4D}.Debug|Any CPU.ActiveCfg = Debug|Any CPU
		{AEA5F528-6F7F-4BBA-92E8-EFF34A17EE4D}.Debug|Any CPU.Build.0 = Debug|Any CPU
		{AEA5F528-6F7F-4BBA-92E8-EFF34A17EE4D}.Release|Any CPU.ActiveCfg = Release|Any CPU
		{AEA5F528-6F7F-4BBA-92E8-EFF34A17EE4D}.Release|Any CPU.Build.0 = Release|Any CPU
		{B51BD98E-4DA7-4420-8339-81279E6E3AB8}.Debug|Any CPU.ActiveCfg = Debug|Any CPU
		{B51BD98E-4DA7-4420-8339-81279E6E3AB8}.Debug|Any CPU.Build.0 = Debug|Any CPU
		{B51BD98E-4DA7-4420-8339-81279E6E3AB8}.Release|Any CPU.ActiveCfg = Release|Any CPU
		{B51BD98E-4DA7-4420-8339-81279E6E3AB8}.Release|Any CPU.Build.0 = Release|Any CPU
		{ADC12D4D-7F1D-4775-8122-1A52808A186E}.Debug|Any CPU.ActiveCfg = Debug|Any CPU
		{ADC12D4D-7F1D-4775-8122-1A52808A186E}.Debug|Any CPU.Build.0 = Debug|Any CPU
		{ADC12D4D-7F1D-4775-8122-1A52808A186E}.Release|Any CPU.ActiveCfg = Release|Any CPU
		{ADC12D4D-7F1D-4775-8122-1A52808A186E}.Release|Any CPU.Build.0 = Release|Any CPU
		{F48A40B0-0B86-4EAE-A174-00AB426D8454}.Debug|Any CPU.ActiveCfg = Debug|Any CPU
		{F48A40B0-0B86-4EAE-A174-00AB426D8454}.Debug|Any CPU.Build.0 = Debug|Any CPU
		{F48A40B0-0B86-4EAE-A174-00AB426D8454}.Release|Any CPU.ActiveCfg = Release|Any CPU
		{F48A40B0-0B86-4EAE-A174-00AB426D8454}.Release|Any CPU.Build.0 = Release|Any CPU
		{61D43E66-BE3E-4670-9951-F5D0C7FBA6AC}.Debug|Any CPU.ActiveCfg = Debug|Any CPU
		{61D43E66-BE3E-4670-9951-F5D0C7FBA6AC}.Debug|Any CPU.Build.0 = Debug|Any CPU
		{61D43E66-BE3E-4670-9951-F5D0C7FBA6AC}.Release|Any CPU.ActiveCfg = Release|Any CPU
		{61D43E66-BE3E-4670-9951-F5D0C7FBA6AC}.Release|Any CPU.Build.0 = Release|Any CPU
		{79704B53-204E-4BFD-A93B-5C314DAD4EEC}.Debug|Any CPU.ActiveCfg = Debug|Any CPU
		{79704B53-204E-4BFD-A93B-5C314DAD4EEC}.Debug|Any CPU.Build.0 = Debug|Any CPU
		{79704B53-204E-4BFD-A93B-5C314DAD4EEC}.Release|Any CPU.ActiveCfg = Release|Any CPU
		{79704B53-204E-4BFD-A93B-5C314DAD4EEC}.Release|Any CPU.Build.0 = Release|Any CPU
	EndGlobalSection
	GlobalSection(SolutionProperties) = preSolution
		HideSolutionNode = FALSE
	EndGlobalSection
	GlobalSection(ExtensibilityGlobals) = postSolution
		SolutionGuid = {9FE4CA7B-68E8-4D92-959B-A8F2F7FA52D7}
	EndGlobalSection
EndGlobal
